
Microsoft Visual Studio Solution File, Format Version 12.00
# Visual Studio Version 16
VisualStudioVersion = 16.0.31410.357
MinimumVisualStudioVersion = 10.0.40219.1
Project("{9A19103F-16F7-4668-BE54-9A1E7A4F7556}") = "ZofimPortalServer", "ZofimPortalServer\ZofimPortalServer.csproj", "{D80941A7-A506-475B-8CE5-7DD5CDD11D9F}"
EndProject
Project("{9A19103F-16F7-4668-BE54-9A1E7A4F7556}") = "ZofimPortalServerBL", "ZofimPortalServerBL\ZofimPortalServerBL.csproj", "{CFF6774E-4D79-4550-B4EE-025339814706}"
EndProject
Project("{2150E333-8FDC-42A3-9474-1A3956D46DE8}") = "Solution Items", "Solution Items", "{A290BBA4-94AB-43AD-A9C5-25CB04382993}"
	ProjectSection(SolutionItems) = preProject
		scaffolding.txt = scaffolding.txt
	EndProjectSection
EndProject
Global
	GlobalSection(SolutionConfigurationPlatforms) = preSolution
		Debug|Any CPU = Debug|Any CPU
		Release|Any CPU = Release|Any CPU
	EndGlobalSection
	GlobalSection(ProjectConfigurationPlatforms) = postSolution
		{D80941A7-A506-475B-8CE5-7DD5CDD11D9F}.Debug|Any CPU.ActiveCfg = Debug|Any CPU
		{D80941A7-A506-475B-8CE5-7DD5CDD11D9F}.Debug|Any CPU.Build.0 = Debug|Any CPU
		{D80941A7-A506-475B-8CE5-7DD5CDD11D9F}.Release|Any CPU.ActiveCfg = Release|Any CPU
		{D80941A7-A506-475B-8CE5-7DD5CDD11D9F}.Release|Any CPU.Build.0 = Release|Any CPU
		{CFF6774E-4D79-4550-B4EE-025339814706}.Debug|Any CPU.ActiveCfg = Debug|Any CPU
		{CFF6774E-4D79-4550-B4EE-025339814706}.Debug|Any CPU.Build.0 = Debug|Any CPU
		{CFF6774E-4D79-4550-B4EE-025339814706}.Release|Any CPU.ActiveCfg = Release|Any CPU
		{CFF6774E-4D79-4550-B4EE-025339814706}.Release|Any CPU.Build.0 = Release|Any CPU
	EndGlobalSection
	GlobalSection(SolutionProperties) = preSolution
		HideSolutionNode = FALSE
	EndGlobalSection
	GlobalSection(ExtensibilityGlobals) = postSolution
		SolutionGuid = {C8EC60C4-F532-47C8-A1F7-F775D7975EE0}
	EndGlobalSection
EndGlobal
